
Microsoft Visual Studio Solution File, Format Version 12.00
# Visual Studio 15
VisualStudioVersion = 15.0.28010.2046
MinimumVisualStudioVersion = 10.0.40219.1
Project("{FAE04EC0-301F-11D3-BF4B-00C04F79EFBC}") = "ParallaxG", "ParallaxG\ParallaxG.csproj", "{3698388B-2354-4EAC-B74D-1AD754E5E603}"
EndProject
Global
	GlobalSection(SolutionConfigurationPlatforms) = preSolution
		Debug|Any CPU = Debug|Any CPU
		Release|Any CPU = Release|Any CPU
	EndGlobalSection
	GlobalSection(ProjectConfigurationPlatforms) = postSolution
		{3698388B-2354-4EAC-B74D-1AD754E5E603}.Debug|Any CPU.ActiveCfg = Debug|Any CPU
		{3698388B-2354-4EAC-B74D-1AD754E5E603}.Debug|Any CPU.Build.0 = Debug|Any CPU
		{3698388B-2354-4EAC-B74D-1AD754E5E603}.Release|Any CPU.ActiveCfg = Release|Any CPU
		{3698388B-2354-4EAC-B74D-1AD754E5E603}.Release|Any CPU.Build.0 = Release|Any CPU
	EndGlobalSection
	GlobalSection(SolutionProperties) = preSolution
		HideSolutionNode = FALSE
	EndGlobalSection
	GlobalSection(ExtensibilityGlobals) = postSolution
		SolutionGuid = {BBD8F923-CC38-4670-9832-778145154F70}
	EndGlobalSection
EndGlobal
